{
  "name": "cadence-spike-s5",
  "lockfileVersion": 3,
  "requires": true,
  "packages": {
    "": {
      "name": "cadence-spike-s5",
      "dependencies": {
        "@echogarden/pffft-wasm": "0.4.2",
        "fourier-transform": "2.5.1",
        "wavesurfer.js": "8.0.1"
      }
    },
    "node_modules/@echogarden/pffft-wasm": {
      "version": "0.4.2",
      "resolved": "https://registry.npmjs.org/@echogarden/pffft-wasm/-/pffft-wasm-0.4.2.tgz",
      "integrity": "sha512-x3rzhVGY01tEAFt+a+D9T/jP8wx5r/XS5hesMFCJz7ujMXg4LO2+94ip1NhzVKPrrsp/oT7UCJjthg5Nz2kYOQ==",
      "license": "BSD-3-Clause"
    },
    "node_modules/fourier-transform": {
      "version": "2.5.1",
      "resolved": "https://registry.npmjs.org/fourier-transform/-/fourier-transform-2.5.1.tgz",
      "integrity": "sha512-9LLx88HeCiipLu0TAMqI25UrHYR5IxFzRcmzxMdWEwGAZPSVQH9Ucqm/h5LMebcRcxU6cuuj9yaCf2/b7RdzMw==",
      "license": "MIT",
      "funding": {
        "url": "https://github.com/sponsors/audiojs"
      }
    },
    "node_modules/wavesurfer.js": {
      "version": "8.0.1",
      "resolved": "https://registry.npmjs.org/wavesurfer.js/-/wavesurfer.js-8.0.1.tgz",
      "integrity": "sha512-h0OnRWSVTqIYLSw3/IVrBtsun/xw9L5u4FA3bjfSDTFMX/xswVWS1JwK4fFu3ulmxRUSHg8zQORl6zENG983eg==",
      "license": "BSD-3-Clause"
    }
  }
}
